
Microsoft Visual Studio Solution File, Format Version 12.00
# Visual Studio Version 17
VisualStudioVersion = 17.9.34723.18
MinimumVisualStudioVersion = 10.0.40219.1
Project("{FAE04EC0-301F-11D3-BF4B-00C04F79EFBC}") = "NcalcAndParlotTestApp", "NcalcAndParlotTestApp\NcalcAndParlotTestApp.csproj", "{ED95F3B3-7221-400E-AA66-C7BC5903318A}"
EndProject
Global
	GlobalSection(SolutionConfigurationPlatforms) = preSolution
		Debug|Any CPU = Debug|Any CPU
		Release|Any CPU = Release|Any CPU
	EndGlobalSection
	GlobalSection(ProjectConfigurationPlatforms) = postSolution
		{ED95F3B3-7221-400E-AA66-C7BC5903318A}.Debug|Any CPU.ActiveCfg = Debug|Any CPU
		{ED95F3B3-7221-400E-AA66-C7BC5903318A}.Debug|Any CPU.Build.0 = Debug|Any CPU
		{ED95F3B3-7221-400E-AA66-C7BC5903318A}.Release|Any CPU.ActiveCfg = Release|Any CPU
		{ED95F3B3-7221-400E-AA66-C7BC5903318A}.Release|Any CPU.Build.0 = Release|Any CPU
	EndGlobalSection
	GlobalSection(SolutionProperties) = preSolution
		HideSolutionNode = FALSE
	EndGlobalSection
	GlobalSection(ExtensibilityGlobals) = postSolution
		SolutionGuid = {E1FEF188-B632-4D23-91A3-5D3AD8F92FA3}
	EndGlobalSection
EndGlobal
